
Microsoft Visual Studio Solution File, Format Version 12.00
# Visual Studio 15
VisualStudioVersion = 15.0.26430.16
MinimumVisualStudioVersion = 10.0.40219.1
Project("{FAE04EC0-301F-11D3-BF4B-00C04F79EFBC}") = "AppClima.Android", "AppClima\AppClima.Android\AppClima.Android.csproj", "{FA4FBB90-2135-4501-B96A-9A22DEDC37C1}"
EndProject
Project("{FAE04EC0-301F-11D3-BF4B-00C04F79EFBC}") = "AppClima", "AppClima\AppClima\AppClima.csproj", "{120C1835-6C2B-40D8-93E0-85C33FD2BD2A}"
EndProject
Project("{FAE04EC0-301F-11D3-BF4B-00C04F79EFBC}") = "AppClima.UWP", "AppClima\AppClima.UWP\AppClima.UWP.csproj", "{0659A762-E040-451E-AE00-C7627A7091CC}"
EndProject
Project("{FAE04EC0-301F-11D3-BF4B-00C04F79EFBC}") = "AppClima.iOS", "AppClima\AppClima.iOS\AppClima.iOS.csproj", "{2214085E-D0A6-4A94-B2C1-75E2C81C9265}"
EndProject
Global
	GlobalSection(SolutionConfigurationPlatforms) = preSolution
		Ad-Hoc|Any CPU = Ad-Hoc|Any CPU
		Ad-Hoc|ARM = Ad-Hoc|ARM
		Ad-Hoc|iPhone = Ad-Hoc|iPhone
		Ad-Hoc|iPhoneSimulator = Ad-Hoc|iPhoneSimulator
		Ad-Hoc|x64 = Ad-Hoc|x64
		Ad-Hoc|x86 = Ad-Hoc|x86
		AppStore|Any CPU = AppStore|Any CPU
		AppStore|ARM = AppStore|ARM
		AppStore|iPhone = AppStore|iPhone
		AppStore|iPhoneSimulator = AppStore|iPhoneSimulator
		AppStore|x64 = AppStore|x64
		AppStore|x86 = AppStore|x86
		Debug|Any CPU = Debug|Any CPU
		Debug|ARM = Debug|ARM
		Debug|iPhone = Debug|iPhone
		Debug|iPhoneSimulator = Debug|iPhoneSimulator
		Debug|x64 = Debug|x64
		Debug|x86 = Debug|x86
		Release|Any CPU = Release|Any CPU
		Release|ARM = Release|ARM
		Release|iPhone = Release|iPhone
		Release|iPhoneSimulator = Release|iPhoneSimulator
		Release|x64 = Release|x64
		Release|x86 = Release|x86
	EndGlobalSection
	GlobalSection(ProjectConfigurationPlatforms) = postSolution
		{FA4FBB90-2135-4501-B96A-9A22DEDC37C1}.Ad-Hoc|Any CPU.ActiveCfg = Release|Any CPU
		{FA4FBB90-2135-4501-B96A-9A22DEDC37C1}.Ad-Hoc|Any CPU.Build.0 = Release|Any CPU
		{FA4FBB90-2135-4501-B96A-9A22DEDC37C1}.Ad-Hoc|Any CPU.Deploy.0 = Release|Any CPU
		{FA4FBB90-2135-4501-B96A-9A22DEDC37C1}.Ad-Hoc|ARM.ActiveCfg = Release|Any CPU
		{FA4FBB90-2135-4501-B96A-9A22DEDC37C1}.Ad-Hoc|ARM.Build.0 = Release|Any CPU
		{FA4FBB90-2135-4501-B96A-9A22DEDC37C1}.Ad-Hoc|ARM.Deploy.0 = Release|Any CPU
		{FA4FBB90-2135-4501-B96A-9A22DEDC37C1}.Ad-Hoc|iPhone.ActiveCfg = Release|Any CPU
		{FA4FBB90-2135-4501-B96A-9A22DEDC37C1}.Ad-Hoc|iPhone.Build.0 = Release|Any CPU
		{FA4FBB90-2135-4501-B96A-9A22DEDC37C1}.Ad-Hoc|iPhone.Deploy.0 = Release|Any CPU
		{FA4FBB90-2135-4501-B96A-9A22DEDC37C1}.Ad-Hoc|iPhoneSimulator.ActiveCfg = Release|Any CPU
		{FA4FBB90-2135-4501-B96A-9A22DEDC37C1}.Ad-Hoc|iPhoneSimulator.Build.0 = Release|Any CPU
		{FA4FBB90-2135-4501-B96A-9A22DEDC37C1}.Ad-Hoc|iPhoneSimulator.Deploy.0 = Release|Any CPU
		{FA4FBB90-2135-4501-B96A-9A22DEDC37C1}.Ad-Hoc|x64.ActiveCfg = Release|Any CPU
		{FA4FBB90-2135-4501-B96A-9A22DEDC37C1}.Ad-Hoc|x64.Build.0 = Release|Any CPU
		{FA4FBB90-2135-4501-B96A-9A22DEDC37C1}.Ad-Hoc|x64.Deploy.0 = Release|Any CPU
		{FA4FBB90-2135-4501-B96A-9A22DEDC37C1}.Ad-Hoc|x86.ActiveCfg = Release|Any CPU
		{FA4FBB90-2135-4501-B96A-9A22DEDC37C1}.Ad-Hoc|x86.Build.0 = Release|Any CPU
		{FA4FBB90-2135-4501-B96A-9A22DEDC37C1}.Ad-Hoc|x86.Deploy.0 = Release|Any CPU
		{FA4FBB90-2135-4501-B96A-9A22DEDC37C1}.AppStore|Any CPU.ActiveCfg = Release|Any CPU
		{FA4FBB90-2135-4501-B96A-9A22DEDC37C1}.AppStore|Any CPU.Build.0 = Release|Any CPU
		{FA4FBB90-2135-4501-B96A-9A22DEDC37C1}.AppStore|Any CPU.Deploy.0 = Release|Any CPU
		{FA4FBB90-2135-4501-B96A-9A22DEDC37C1}.AppStore|ARM.ActiveCfg = Release|Any CPU
		{FA4FBB90-2135-4501-B96A-9A22DEDC37C1}.AppStore|ARM.Build.0 = Release|Any CPU
		{FA4FBB90-2135-4501-B96A-9A22DEDC37C1}.AppStore|ARM.Deploy.0 = Release|Any CPU
		{FA4FBB90-2135-4501-B96A-9A22DEDC37C1}.AppStore|iPhone.ActiveCfg = Release|Any CPU
		{FA4FBB90-2135-4501-B96A-9A22DEDC37C1}.AppStore|iPhone.Build.0 = Release|Any CPU
		{FA4FBB90-2135-4501-B96A-9A22DEDC37C1}.AppStore|iPhone.Deploy.0 = Release|Any CPU
		{FA4FBB90-2135-4501-B96A-9A22DEDC37C1}.AppStore|iPhoneSimulator.ActiveCfg = Release|Any CPU
		{FA4FBB90-2135-4501-B96A-9A22DEDC37C1}.AppStore|iPhoneSimulator.Build.0 = Release|Any CPU
		{FA4FBB90-2135-4501-B96A-9A22DEDC37C1}.AppStore|iPhoneSimulator.Deploy.0 = Release|Any CPU
		{FA4FBB90-2135-4501-B96A-9A22DEDC37C1}.AppStore|x64.ActiveCfg = Release|Any CPU
		{FA4FBB90-2135-4501-B96A-9A22DEDC37C1}.AppStore|x64.Build.0 = Release|Any CPU
		{FA4FBB90-2135-4501-B96A-9A22DEDC37C1}.AppStore|x64.Deploy.0 = Release|Any CPU
		{FA4FBB90-2135-4501-B96A-9A22DEDC37C1}.AppStore|x86.ActiveCfg = Release|Any CPU
		{FA4FBB90-2135-4501-B96A-9A22DEDC37C1}.AppStore|x86.Build.0 = Release|Any CPU
		{FA4FBB90-2135-4501-B96A-9A22DEDC37C1}.AppStore|x86.Deploy.0 = Release|Any CPU
		{FA4FBB90-2135-4501-B96A-9A22DEDC37C1}.Debug|Any CPU.ActiveCfg = Debug|Any CPU
		{FA4FBB90-2135-4501-B96A-9A22DEDC37C1}.Debug|Any CPU.Build.0 = Debug|Any CPU
		{FA4FBB90-2135-4501-B96A-9A22DEDC37C1}.Debug|Any CPU.Deploy.0 = Debug|Any CPU
		{FA4FBB90-2135-4501-B96A-9A22DEDC37C1}.Debug|ARM.ActiveCfg = Debug|Any CPU
		{FA4FBB90-2135-4501-B96A-9A22DEDC37C1}.Debug|ARM.Build.0 = Debug|Any CPU
		{FA4FBB90-2135-4501-B96A-9A22DEDC37C1}.Debug|ARM.Deploy.0 = Debug|Any CPU
		{FA4FBB90-2135-4501-B96A-9A22DEDC37C1}.Debug|iPhone.ActiveCfg = Debug|Any CPU
		{FA4FBB90-2135-4501-B96A-9A22DEDC37C1}.Debug|iPhone.Build.0 = Debug|Any CPU
		{FA4FBB90-2135-4501-B96A-9A22DEDC37C1}.Debug|iPhone.Deploy.0 = Debug|Any CPU
		{FA4FBB90-2135-4501-B96A-9A22DEDC37C1}.Debug|iPhoneSimulator.ActiveCfg = Debug|Any CPU
		{FA4FBB90-2135-4501-B96A-9A22DEDC37C1}.Debug|iPhoneSimulator.Build.0 = Debug|Any CPU
		{FA4FBB90-2135-4501-B96A-9A22DEDC37C1}.Debug|iPhoneSimulator.Deploy.0 = Debug|Any CPU
		{FA4FBB90-2135-4501-B96A-9A22DEDC37C1}.Debug|x64.ActiveCfg = Debug|Any CPU
		{FA4FBB90-2135-4501-B96A-9A22DEDC37C1}.Debug|x64.Build.0 = Debug|Any CPU
		{FA4FBB90-2135-4501-B96A-9A22DEDC37C1}.Debug|x64.Deploy.0 = Debug|Any CPU
		{FA4FBB90-2135-4501-B96A-9A22DEDC37C1}.Debug|x86.ActiveCfg = Debug|Any CPU
		{FA4FBB90-2135-4501-B96A-9A22DEDC37C1}.Debug|x86.Build.0 = Debug|Any CPU
		{FA4FBB90-2135-4501-B96A-9A22DEDC37C1}.Debug|x86.Deploy.0 = Debug|Any CPU
		{FA4FBB90-2135-4501-B96A-9A22DEDC37C1}.Release|Any CPU.ActiveCfg = Release|Any CPU
		{FA4FBB90-2135-4501-B96A-9A22DEDC37C1}.Release|Any CPU.Build.0 = Release|Any CPU
		{FA4FBB90-2135-4501-B96A-9A22DEDC37C1}.Release|Any CPU.Deploy.0 = Release|Any CPU
		{FA4FBB90-2135-4501-B96A-9A22DEDC37C1}.Release|ARM.ActiveCfg = Release|Any CPU
		{FA4FBB90-2135-4501-B96A-9A22DEDC37C1}.Release|ARM.Build.0 = Release|Any CPU
		{FA4FBB90-2135-4501-B96A-9A22DEDC37C1}.Release|ARM.Deploy.0 = Release|Any CPU
		{FA4FBB90-2135-4501-B96A-9A22DEDC37C1}.Release|iPhone.ActiveCfg = Release|Any CPU
		{FA4FBB90-2135-4501-B96A-9A22DEDC37C1}.Release|iPhone.Build.0 = Release|Any CPU
		{FA4FBB90-2135-4501-B96A-9A22DEDC37C1}.Release|iPhone.Deploy.0 = Release|Any CPU
		{FA4FBB90-2135-4501-B96A-9A22DEDC37C1}.Release|iPhoneSimulator.ActiveCfg = Release|Any CPU
		{FA4FBB90-2135-4501-B96A-9A22DEDC37C1}.Release|iPhoneSimulator.Build.0 = Release|Any CPU
		{FA4FBB90-2135-4501-B96A-9A22DEDC37C1}.Release|iPhoneSimulator.Deploy.0 = Release|Any CPU
		{FA4FBB90-2135-4501-B96A-9A22DEDC37C1}.Release|x64.ActiveCfg = Release|Any CPU
		{FA4FBB90-2135-4501-B96A-9A22DEDC37C1}.Release|x64.Build.0 = Release|Any CPU
		{FA4FBB90-2135-4501-B96A-9A22DEDC37C1}.Release|x64.Deploy.0 = Release|Any CPU
		{FA4FBB90-2135-4501-B96A-9A22DEDC37C1}.Release|x86.ActiveCfg = Release|Any CPU
		{FA4FBB90-2135-4501-B96A-9A22DEDC37C1}.Release|x86.Build.0 = Release|Any CPU
		{FA4FBB90-2135-4501-B96A-9A22DEDC37C1}.Release|x86.Deploy.0 = Release|Any CPU
		{120C1835-6C2B-40D8-93E0-85C33FD2BD2A}.Ad-Hoc|Any CPU.ActiveCfg = Release|Any CPU
		{120C1835-6C2B-40D8-93E0-85C33FD2BD2A}.Ad-Hoc|Any CPU.Build.0 = Release|Any CPU
		{120C1835-6C2B-40D8-93E0-85C33FD2BD2A}.Ad-Hoc|ARM.ActiveCfg = Release|Any CPU
		{120C1835-6C2B-40D8-93E0-85C33FD2BD2A}.Ad-Hoc|ARM.Build.0 = Release|Any CPU
		{120C1835-6C2B-40D8-93E0-85C33FD2BD2A}.Ad-Hoc|iPhone.ActiveCfg = Release|Any CPU
		{120C1835-6C2B-40D8-93E0-85C33FD2BD2A}.Ad-Hoc|iPhone.Build.0 = Release|Any CPU
		{120C1835-6C2B-40D8-93E0-85C33FD2BD2A}.Ad-Hoc|iPhoneSimulator.ActiveCfg = Release|Any CPU
		{120C1835-6C2B-40D8-93E0-85C33FD2BD2A}.Ad-Hoc|iPhoneSimulator.Build.0 = Release|Any CPU
		{120C1835-6C2B-40D8-93E0-85C33FD2BD2A}.Ad-Hoc|x64.ActiveCfg = Release|Any CPU
		{120C1835-6C2B-40D8-93E0-85C33FD2BD2A}.Ad-Hoc|x64.Build.0 = Release|Any CPU
		{120C1835-6C2B-40D8-93E0-85C33FD2BD2A}.Ad-Hoc|x86.ActiveCfg = Release|Any CPU
		{120C1835-6C2B-40D8-93E0-85C33FD2BD2A}.Ad-Hoc|x86.Build.0 = Release|Any CPU
		{120C1835-6C2B-40D8-93E0-85C33FD2BD2A}.AppStore|Any CPU.ActiveCfg = Release|Any CPU
		{120C1835-6C2B-40D8-93E0-85C33FD2BD2A}.AppStore|Any CPU.Build.0 = Release|Any CPU
		{120C1835-6C2B-40D8-93E0-85C33FD2BD2A}.AppStore|ARM.ActiveCfg = Release|Any CPU
		{120C1835-6C2B-40D8-93E0-85C33FD2BD2A}.AppStore|ARM.Build.0 = Release|Any CPU
		{120C1835-6C2B-40D8-93E0-85C33FD2BD2A}.AppStore|iPhone.ActiveCfg = Release|Any CPU
		{120C1835-6C2B-40D8-93E0-85C33FD2BD2A}.AppStore|iPhone.Build.0 = Release|Any CPU
		{120C1835-6C2B-40D8-93E0-85C33FD2BD2A}.AppStore|iPhoneSimulator.ActiveCfg = Release|Any CPU
		{120C1835-6C2B-40D8-93E0-85C33FD2BD2A}.AppStore|iPhoneSimulator.Build.0 = Release|Any CPU
		{120C1835-6C2B-40D8-93E0-85C33FD2BD2A}.AppStore|x64.ActiveCfg = Release|Any CPU
		{120C1835-6C2B-40D8-93E0-85C33FD2BD2A}.AppStore|x64.Build.0 = Release|Any CPU
		{120C1835-6C2B-40D8-93E0-85C33FD2BD2A}.AppStore|x86.ActiveCfg = Release|Any CPU
		{120C1835-6C2B-40D8-93E0-85C33FD2BD2A}.AppStore|x86.Build.0 = Release|Any CPU
		{120C1835-6C2B-40D8-93E0-85C33FD2BD2A}.Debug|Any CPU.ActiveCfg = Debug|Any CPU
		{120C1835-6C2B-40D8-93E0-85C33FD2BD2A}.Debug|Any CPU.Build.0 = Debug|Any CPU
		{120C1835-6C2B-40D8-93E0-85C33FD2BD2A}.Debug|ARM.ActiveCfg = Debug|Any CPU
		{120C1835-6C2B-40D8-93E0-85C33FD2BD2A}.Debug|ARM.Build.0 = Debug|Any CPU
		{120C1835-6C2B-40D8-93E0-85C33FD2BD2A}.Debug|iPhone.ActiveCfg = Debug|Any CPU
		{120C1835-6C2B-40D8-93E0-85C33FD2BD2A}.Debug|iPhone.Build.0 = Debug|Any CPU
		{120C1835-6C2B-40D8-93E0-85C33FD2BD2A}.Debug|iPhoneSimulator.ActiveCfg = Debug|Any CPU
		{120C1835-6C2B-40D8-93E0-85C33FD2BD2A}.Debug|iPhoneSimulator.Build.0 = Debug|Any CPU
		{120C1835-6C2B-40D8-93E0-85C33FD2BD2A}.Debug|x64.ActiveCfg = Debug|Any CPU
		{120C1835-6C2B-40D8-93E0-85C33FD2BD2A}.Debug|x64.Build.0 = Debug|Any CPU
		{120C1835-6C2B-40D8-93E0-85C33FD2BD2A}.Debug|x86.ActiveCfg = Debug|Any CPU
		{120C1835-6C2B-40D8-93E0-85C33FD2BD2A}.Debug|x86.Build.0 = Debug|Any CPU
		{120C1835-6C2B-40D8-93E0-85C33FD2BD2A}.Release|Any CPU.ActiveCfg = Release|Any CPU
		{120C1835-6C2B-40D8-93E0-85C33FD2BD2A}.Release|Any CPU.Build.0 = Release|Any CPU
		{120C1835-6C2B-40D8-93E0-85C33FD2BD2A}.Release|ARM.ActiveCfg = Release|Any CPU
		{120C1835-6C2B-40D8-93E0-85C33FD2BD2A}.Release|ARM.Build.0 = Release|Any CPU
		{120C1835-6C2B-40D8-93E0-85C33FD2BD2A}.Release|iPhone.ActiveCfg = Release|Any CPU
		{120C1835-6C2B-40D8-93E0-85C33FD2BD2A}.Release|iPhone.Build.0 = Release|Any CPU
		{120C1835-6C2B-40D8-93E0-85C33FD2BD2A}.Release|iPhoneSimulator.ActiveCfg = Release|Any CPU
		{120C1835-6C2B-40D8-93E0-85C33FD2BD2A}.Release|iPhoneSimulator.Build.0 = Release|Any CPU
		{120C1835-6C2B-40D8-93E0-85C33FD2BD2A}.Release|x64.ActiveCfg = Release|Any CPU
		{120C1835-6C2B-40D8-93E0-85C33FD2BD2A}.Release|x64.Build.0 = Release|Any CPU
		{120C1835-6C2B-40D8-93E0-85C33FD2BD2A}.Release|x86.ActiveCfg = Release|Any CPU
		{120C1835-6C2B-40D8-93E0-85C33FD2BD2A}.Release|x86.Build.0 = Release|Any CPU
		{0659A762-E040-451E-AE00-C7627A7091CC}.Ad-Hoc|Any CPU.ActiveCfg = Release|x86
		{0659A762-E040-451E-AE00-C7627A7091CC}.Ad-Hoc|Any CPU.Build.0 = Release|x86
		{0659A762-E040-451E-AE00-C7627A7091CC}.Ad-Hoc|Any CPU.Deploy.0 = Release|x86
		{0659A762-E040-451E-AE00-C7627A7091CC}.Ad-Hoc|ARM.ActiveCfg = Release|ARM
		{0659A762-E040-451E-AE00-C7627A7091CC}.Ad-Hoc|ARM.Build.0 = Release|ARM
		{0659A762-E040-451E-AE00-C7627A7091CC}.Ad-Hoc|ARM.Deploy.0 = Release|ARM
		{0659A762-E040-451E-AE00-C7627A7091CC}.Ad-Hoc|iPhone.ActiveCfg = Release|x86
		{0659A762-E040-451E-AE00-C7627A7091CC}.Ad-Hoc|iPhone.Build.0 = Release|x86
		{0659A762-E040-451E-AE00-C7627A7091CC}.Ad-Hoc|iPhone.Deploy.0 = Release|x86
		{0659A762-E040-451E-AE00-C7627A7091CC}.Ad-Hoc|iPhoneSimulator.ActiveCfg = Release|x86
		{0659A762-E040-451E-AE00-C7627A7091CC}.Ad-Hoc|iPhoneSimulator.Build.0 = Release|x86
		{0659A762-E040-451E-AE00-C7627A7091CC}.Ad-Hoc|iPhoneSimulator.Deploy.0 = Release|x86
		{0659A762-E040-451E-AE00-C7627A7091CC}.Ad-Hoc|x64.ActiveCfg = Release|x64
		{0659A762-E040-451E-AE00-C7627A7091CC}.Ad-Hoc|x64.Build.0 = Release|x64
		{0659A762-E040-451E-AE00-C7627A7091CC}.Ad-Hoc|x64.Deploy.0 = Release|x64
		{0659A762-E040-451E-AE00-C7627A7091CC}.Ad-Hoc|x86.ActiveCfg = Release|x86
		{0659A762-E040-451E-AE00-C7627A7091CC}.Ad-Hoc|x86.Build.0 = Release|x86
		{0659A762-E040-451E-AE00-C7627A7091CC}.Ad-Hoc|x86.Deploy.0 = Release|x86
		{0659A762-E040-451E-AE00-C7627A7091CC}.AppStore|Any CPU.ActiveCfg = Release|x86
		{0659A762-E040-451E-AE00-C7627A7091CC}.AppStore|Any CPU.Build.0 = Release|x86
		{0659A762-E040-451E-AE00-C7627A7091CC}.AppStore|Any CPU.Deploy.0 = Release|x86
		{0659A762-E040-451E-AE00-C7627A7091CC}.AppStore|ARM.ActiveCfg = Release|ARM
		{0659A762-E040-451E-AE00-C7627A7091CC}.AppStore|ARM.Build.0 = Release|ARM
		{0659A762-E040-451E-AE00-C7627A7091CC}.AppStore|ARM.Deploy.0 = Release|ARM
		{0659A762-E040-451E-AE00-C7627A7091CC}.AppStore|iPhone.ActiveCfg = Release|x86
		{0659A762-E040-451E-AE00-C7627A7091CC}.AppStore|iPhone.Build.0 = Release|x86
		{0659A762-E040-451E-AE00-C7627A7091CC}.AppStore|iPhone.Deploy.0 = Release|x86
		{0659A762-E040-451E-AE00-C7627A7091CC}.AppStore|iPhoneSimulator.ActiveCfg = Release|x86
		{0659A762-E040-451E-AE00-C7627A7091CC}.AppStore|iPhoneSimulator.Build.0 = Release|x86
		{0659A762-E040-451E-AE00-C7627A7091CC}.AppStore|iPhoneSimulator.Deploy.0 = Release|x86
		{0659A762-E040-451E-AE00-C7627A7091CC}.AppStore|x64.ActiveCfg = Release|x64
		{0659A762-E040-451E-AE00-C7627A7091CC}.AppStore|x64.Build.0 = Release|x64
		{0659A762-E040-451E-AE00-C7627A7091CC}.AppStore|x64.Deploy.0 = Release|x64
		{0659A762-E040-451E-AE00-C7627A7091CC}.AppStore|x86.ActiveCfg = Release|x86
		{0659A762-E040-451E-AE00-C7627A7091CC}.AppStore|x86.Build.0 = Release|x86
		{0659A762-E040-451E-AE00-C7627A7091CC}.AppStore|x86.Deploy.0 = Release|x86
		{0659A762-E040-451E-AE00-C7627A7091CC}.Debug|Any CPU.ActiveCfg = Debug|x86
		{0659A762-E040-451E-AE00-C7627A7091CC}.Debug|ARM.ActiveCfg = Debug|ARM
		{0659A762-E040-451E-AE00-C7627A7091CC}.Debug|ARM.Build.0 = Debug|ARM
		{0659A762-E040-451E-AE00-C7627A7091CC}.Debug|ARM.Deploy.0 = Debug|ARM
		{0659A762-E040-451E-AE00-C7627A7091CC}.Debug|iPhone.ActiveCfg = Debug|x86
		{0659A762-E040-451E-AE00-C7627A7091CC}.Debug|iPhoneSimulator.ActiveCfg = Debug|x86
		{0659A762-E040-451E-AE00-C7627A7091CC}.Debug|x64.ActiveCfg = Debug|x64
		{0659A762-E040-451E-AE00-C7627A7091CC}.Debug|x64.Build.0 = Debug|x64
		{0659A762-E040-451E-AE00-C7627A7091CC}.Debug|x64.Deploy.0 = Debug|x64
		{0659A762-E040-451E-AE00-C7627A7091CC}.Debug|x86.ActiveCfg = Debug|x86
		{0659A762-E040-451E-AE00-C7627A7091CC}.Debug|x86.Build.0 = Debug|x86
		{0659A762-E040-451E-AE00-C7627A7091CC}.Debug|x86.Deploy.0 = Debug|x86
		{0659A762-E040-451E-AE00-C7627A7091CC}.Release|Any CPU.ActiveCfg = Release|x86
		{0659A762-E040-451E-AE00-C7627A7091CC}.Release|ARM.ActiveCfg = Release|ARM
		{0659A762-E040-451E-AE00-C7627A7091CC}.Release|ARM.Build.0 = Release|ARM
		{0659A762-E040-451E-AE00-C7627A7091CC}.Release|ARM.Deploy.0 = Release|ARM
		{0659A762-E040-451E-AE00-C7627A7091CC}.Release|iPhone.ActiveCfg = Release|x86
		{0659A762-E040-451E-AE00-C7627A7091CC}.Release|iPhoneSimulator.ActiveCfg = Release|x86
		{0659A762-E040-451E-AE00-C7627A7091CC}.Release|x64.ActiveCfg = Release|x64
		{0659A762-E040-451E-AE00-C7627A7091CC}.Release|x64.Build.0 = Release|x64
		{0659A762-E040-451E-AE00-C7627A7091CC}.Release|x64.Deploy.0 = Release|x64
		{0659A762-E040-451E-AE00-C7627A7091CC}.Release|x86.ActiveCfg = Release|x86
		{0659A762-E040-451E-AE00-C7627A7091CC}.Release|x86.Build.0 = Release|x86
		{0659A762-E040-451E-AE00-C7627A7091CC}.Release|x86.Deploy.0 = Release|x86
		{2214085E-D0A6-4A94-B2C1-75E2C81C9265}.Ad-Hoc|Any CPU.ActiveCfg = Ad-Hoc|iPhone
		{2214085E-D0A6-4A94-B2C1-75E2C81C9265}.Ad-Hoc|ARM.ActiveCfg = Ad-Hoc|iPhone
		{2214085E-D0A6-4A94-B2C1-75E2C81C9265}.Ad-Hoc|iPhone.ActiveCfg = Ad-Hoc|iPhone
		{2214085E-D0A6-4A94-B2C1-75E2C81C9265}.Ad-Hoc|iPhone.Build.0 = Ad-Hoc|iPhone
		{2214085E-D0A6-4A94-B2C1-75E2C81C9265}.Ad-Hoc|iPhoneSimulator.ActiveCfg = Ad-Hoc|iPhoneSimulator
		{2214085E-D0A6-4A94-B2C1-75E2C81C9265}.Ad-Hoc|iPhoneSimulator.Build.0 = Ad-Hoc|iPhoneSimulator
		{2214085E-D0A6-4A94-B2C1-75E2C81C9265}.Ad-Hoc|x64.ActiveCfg = Ad-Hoc|iPhone
		{2214085E-D0A6-4A94-B2C1-75E2C81C9265}.Ad-Hoc|x86.ActiveCfg = Ad-Hoc|iPhone
		{2214085E-D0A6-4A94-B2C1-75E2C81C9265}.AppStore|Any CPU.ActiveCfg = AppStore|iPhone
		{2214085E-D0A6-4A94-B2C1-75E2C81C9265}.AppStore|ARM.ActiveCfg = AppStore|iPhone
		{2214085E-D0A6-4A94-B2C1-75E2C81C9265}.AppStore|iPhone.ActiveCfg = AppStore|iPhone
		{2214085E-D0A6-4A94-B2C1-75E2C81C9265}.AppStore|iPhone.Build.0 = AppStore|iPhone
		{2214085E-D0A6-4A94-B2C1-75E2C81C9265}.AppStore|iPhoneSimulator.ActiveCfg = AppStore|iPhoneSimulator
		{2214085E-D0A6-4A94-B2C1-75E2C81C9265}.AppStore|iPhoneSimulator.Build.0 = AppStore|iPhoneSimulator
		{2214085E-D0A6-4A94-B2C1-75E2C81C9265}.AppStore|x64.ActiveCfg = AppStore|iPhone
		{2214085E-D0A6-4A94-B2C1-75E2C81C9265}.AppStore|x86.ActiveCfg = AppStore|iPhone
		{2214085E-D0A6-4A94-B2C1-75E2C81C9265}.Debug|Any CPU.ActiveCfg = Debug|iPhone
		{2214085E-D0A6-4A94-B2C1-75E2C81C9265}.Debug|ARM.ActiveCfg = Debug|iPhone
		{2214085E-D0A6-4A94-B2C1-75E2C81C9265}.Debug|iPhone.ActiveCfg = Debug|iPhone
		{2214085E-D0A6-4A94-B2C1-75E2C81C9265}.Debug|iPhone.Build.0 = Debug|iPhone
		{2214085E-D0A6-4A94-B2C1-75E2C81C9265}.Debug|iPhoneSimulator.ActiveCfg = Debug|iPhoneSimulator
		{2214085E-D0A6-4A94-B2C1-75E2C81C9265}.Debug|iPhoneSimulator.Build.0 = Debug|iPhoneSimulator
		{2214085E-D0A6-4A94-B2C1-75E2C81C9265}.Debug|x64.ActiveCfg = Debug|iPhone
		{2214085E-D0A6-4A94-B2C1-75E2C81C9265}.Debug|x86.ActiveCfg = Debug|iPhone
		{2214085E-D0A6-4A94-B2C1-75E2C81C9265}.Release|Any CPU.ActiveCfg = Release|iPhone
		{2214085E-D0A6-4A94-B2C1-75E2C81C9265}.Release|ARM.ActiveCfg = Release|iPhone
		{2214085E-D0A6-4A94-B2C1-75E2C81C9265}.Release|iPhone.ActiveCfg = Release|iPhone
		{2214085E-D0A6-4A94-B2C1-75E2C81C9265}.Release|iPhone.Build.0 = Release|iPhone
		{2214085E-D0A6-4A94-B2C1-75E2C81C9265}.Release|iPhoneSimulator.ActiveCfg = Release|iPhoneSimulator
		{2214085E-D0A6-4A94-B2C1-75E2C81C9265}.Release|iPhoneSimulator.Build.0 = Release|iPhoneSimulator
		{2214085E-D0A6-4A94-B2C1-75E2C81C9265}.Release|x64.ActiveCfg = Release|iPhone
		{2214085E-D0A6-4A94-B2C1-75E2C81C9265}.Release|x86.ActiveCfg = Release|iPhone
	EndGlobalSection
	GlobalSection(SolutionProperties) = preSolution
		HideSolutionNode = FALSE
	EndGlobalSection
EndGlobal
